// !$*UTF8*$!
{
	archiveVersion = 1;
	classes = {
	};
	objectVersion = 56;
	objects = {

/* Begin PBXBuildFile section */
		6D8B166C2C433338003D7F91 /* SplashScreenView.swift in Sources */ = {isa = PBXBuildFile; fileRef = 6D8B166B2C433338003D7F91 /* SplashScreenView.swift */; };
		6D8B16752C449B8F003D7F91 /* Color.swift in Sources */ = {isa = PBXBuildFile; fileRef = 6D8B16742C449B8F003D7F91 /* Color.swift */; };
		6D8B16782C44F304003D7F91 /* IngredientListView.swift in Sources */ = {isa = PBXBuildFile; fileRef = 6D8B16772C44F304003D7F91 /* IngredientListView.swift */; };
		6DA3C0BA2C431EE1007618CF /* MiniFridgeApp.swift in Sources */ = {isa = PBXBuildFile; fileRef = 6DA3C0B92C431EE1007618CF /* MiniFridgeApp.swift */; };
		6DA3C0BC2C431EE1007618CF /* HomePageView.swift in Sources */ = {isa = PBXBuildFile; fileRef = 6DA3C0BB2C431EE1007618CF /* HomePageView.swift */; };
		6DA3C0BE2C431EE4007618CF /* Assets.xcassets in Resources */ = {isa = PBXBuildFile; fileRef = 6DA3C0BD2C431EE4007618CF /* Assets.xcassets */; };
		6DA3C0C12C431EE4007618CF /* Preview Assets.xcassets in Resources */ = {isa = PBXBuildFile; fileRef = 6DA3C0C02C431EE4007618CF /* Preview Assets.xcassets */; };
		6DD4153C2C4616D8005132AD /* TabBarView.swift in Sources */ = {isa = PBXBuildFile; fileRef = 6DD4153B2C4616D8005132AD /* TabBarView.swift */; };
		6DD4153E2C4625B4005132AD /* SignInView.swift in Sources */ = {isa = PBXBuildFile; fileRef = 6DD4153D2C4625B4005132AD /* SignInView.swift */; };
		6DE640A72C463A7400C3C79B /* NewRecipeView.swift in Sources */ = {isa = PBXBuildFile; fileRef = 6DE640A62C463A7400C3C79B /* NewRecipeView.swift */; };
		6DE640AA2C4779C500C3C79B /* FirebaseAuth in Frameworks */ = {isa = PBXBuildFile; productRef = 6DE640A92C4779C500C3C79B /* FirebaseAuth */; };
		6DE640AC2C4779C500C3C79B /* FirebaseFirestore in Frameworks */ = {isa = PBXBuildFile; productRef = 6DE640AB2C4779C500C3C79B /* FirebaseFirestore */; };
		6DE640AE2C477AA200C3C79B /* GoogleService-Info.plist in Resources */ = {isa = PBXBuildFile; fileRef = 6DE640AD2C477AA200C3C79B /* GoogleService-Info.plist */; };
		6DE640B02C4781D600C3C79B /* ProfileView.swift in Sources */ = {isa = PBXBuildFile; fileRef = 6DE640AF2C4781D600C3C79B /* ProfileView.swift */; };
		6DE640B22C4AFF2A00C3C79B /* IngredientsDataManager.swift in Sources */ = {isa = PBXBuildFile; fileRef = 6DE640B12C4AFF2A00C3C79B /* IngredientsDataManager.swift */; };
		6DE640B62C4B1D8900C3C79B /* URLImage in Frameworks */ = {isa = PBXBuildFile; productRef = 6DE640B52C4B1D8900C3C79B /* URLImage */; };
		6DE640B82C4B1D8900C3C79B /* URLImageStore in Frameworks */ = {isa = PBXBuildFile; productRef = 6DE640B72C4B1D8900C3C79B /* URLImageStore */; };
		6DE640BB2C4B497A00C3C79B /* FirebaseDatabase in Frameworks */ = {isa = PBXBuildFile; productRef = 6DE640BA2C4B497A00C3C79B /* FirebaseDatabase */; };
		6DE640BF2C4C897800C3C79B /* FirebaseFirestoreSwift in Frameworks */ = {isa = PBXBuildFile; productRef = 6DE640BE2C4C897800C3C79B /* FirebaseFirestoreSwift */; };
		6DE640C12C4C8EF600C3C79B /* AuthenticationManager.swift in Sources */ = {isa = PBXBuildFile; fileRef = 6DE640C02C4C8EF600C3C79B /* AuthenticationManager.swift */; };
		6DE640C32C55AE2700C3C79B /* UserManager.swift in Sources */ = {isa = PBXBuildFile; fileRef = 6DE640C22C55AE2700C3C79B /* UserManager.swift */; };
		6DE640E72C5DB09600C3C79B /* RecipeModelDetailView.swift in Sources */ = {isa = PBXBuildFile; fileRef = 6DE640E62C5DB09600C3C79B /* RecipeModelDetailView.swift */; };
		6DE640EA2C61D86300C3C79B /* RecipeTableView.swift in Sources */ = {isa = PBXBuildFile; fileRef = 6DE640E92C61D86300C3C79B /* RecipeTableView.swift */; };
		6DE640EC2C61D8C100C3C79B /* IngredientTableView.swift in Sources */ = {isa = PBXBuildFile; fileRef = 6DE640EB2C61D8C100C3C79B /* IngredientTableView.swift */; };
		6DE640EF2C61DA3A00C3C79B /* ProfileViewModel.swift in Sources */ = {isa = PBXBuildFile; fileRef = 6DE640EE2C61DA3A00C3C79B /* ProfileViewModel.swift */; };
		6DE640F12C61DA9000C3C79B /* SignInViewModel.swift in Sources */ = {isa = PBXBuildFile; fileRef = 6DE640F02C61DA9000C3C79B /* SignInViewModel.swift */; };
		6DE640F32C61DAD200C3C79B /* RecipeViewModel.swift in Sources */ = {isa = PBXBuildFile; fileRef = 6DE640F22C61DAD200C3C79B /* RecipeViewModel.swift */; };
/* End PBXBuildFile section */

/* Begin PBXFileReference section */
		6D8B166B2C433338003D7F91 /* SplashScreenView.swift */ = {isa = PBXFileReference; lastKnownFileType = sourcecode.swift; path = SplashScreenView.swift; sourceTree = "<group>"; };
		6D8B16742C449B8F003D7F91 /* Color.swift */ = {isa = PBXFileReference; lastKnownFileType = sourcecode.swift; path = Color.swift; sourceTree = "<group>"; };
		6D8B16772C44F304003D7F91 /* IngredientListView.swift */ = {isa = PBXFileReference; lastKnownFileType = sourcecode.swift; path = IngredientListView.swift; sourceTree = "<group>"; };
		6DA3C0B62C431EE1007618CF /* MiniFridge.app */ = {isa = PBXFileReference; explicitFileType = wrapper.application; includeInIndex = 0; path = MiniFridge.app; sourceTree = BUILT_PRODUCTS_DIR; };
		6DA3C0B92C431EE1007618CF /* MiniFridgeApp.swift */ = {isa = PBXFileReference; lastKnownFileType = sourcecode.swift; path = MiniFridgeApp.swift; sourceTree = "<group>"; };
		6DA3C0BB2C431EE1007618CF /* HomePageView.swift */ = {isa = PBXFileReference; lastKnownFileType = sourcecode.swift; path = HomePageView.swift; sourceTree = "<group>"; };
		6DA3C0BD2C431EE4007618CF /* Assets.xcassets */ = {isa = PBXFileReference; lastKnownFileType = folder.assetcatalog; path = Assets.xcassets; sourceTree = "<group>"; };
		6DA3C0C02C431EE4007618CF /* Preview Assets.xcassets */ = {isa = PBXFileReference; lastKnownFileType = folder.assetcatalog; path = "Preview Assets.xcassets"; sourceTree = "<group>"; };
		6DD4153B2C4616D8005132AD /* TabBarView.swift */ = {isa = PBXFileReference; lastKnownFileType = sourcecode.swift; path = TabBarView.swift; sourceTree = "<group>"; };
		6DD4153D2C4625B4005132AD /* SignInView.swift */ = {isa = PBXFileReference; lastKnownFileType = sourcecode.swift; path = SignInView.swift; sourceTree = "<group>"; };
		6DE640A62C463A7400C3C79B /* NewRecipeView.swift */ = {isa = PBXFileReference; lastKnownFileType = sourcecode.swift; path = NewRecipeView.swift; sourceTree = "<group>"; };
		6DE640AD2C477AA200C3C79B /* GoogleService-Info.plist */ = {isa = PBXFileReference; fileEncoding = 4; lastKnownFileType = text.plist.xml; path = "GoogleService-Info.plist"; sourceTree = "<group>"; };
		6DE640AF2C4781D600C3C79B /* ProfileView.swift */ = {isa = PBXFileReference; lastKnownFileType = sourcecode.swift; path = ProfileView.swift; sourceTree = "<group>"; };
		6DE640B12C4AFF2A00C3C79B /* IngredientsDataManager.swift */ = {isa = PBXFileReference; lastKnownFileType = sourcecode.swift; path = IngredientsDataManager.swift; sourceTree = "<group>"; };
		6DE640B92C4B2B2C00C3C79B /* Info.plist */ = {isa = PBXFileReference; lastKnownFileType = text.plist; path = Info.plist; sourceTree = "<group>"; };
		6DE640C02C4C8EF600C3C79B /* AuthenticationManager.swift */ = {isa = PBXFileReference; lastKnownFileType = sourcecode.swift; path = AuthenticationManager.swift; sourceTree = "<group>"; };
		6DE640C22C55AE2700C3C79B /* UserManager.swift */ = {isa = PBXFileReference; lastKnownFileType = sourcecode.swift; path = UserManager.swift; sourceTree = "<group>"; };
		6DE640E62C5DB09600C3C79B /* RecipeModelDetailView.swift */ = {isa = PBXFileReference; lastKnownFileType = sourcecode.swift; path = RecipeModelDetailView.swift; sourceTree = "<group>"; };
		6DE640E92C61D86300C3C79B /* RecipeTableView.swift */ = {isa = PBXFileReference; lastKnownFileType = sourcecode.swift; path = RecipeTableView.swift; sourceTree = "<group>"; };
		6DE640EB2C61D8C100C3C79B /* IngredientTableView.swift */ = {isa = PBXFileReference; lastKnownFileType = sourcecode.swift; path = IngredientTableView.swift; sourceTree = "<group>"; };
		6DE640EE2C61DA3A00C3C79B /* ProfileViewModel.swift */ = {isa = PBXFileReference; lastKnownFileType = sourcecode.swift; path = ProfileViewModel.swift; sourceTree = "<group>"; };
		6DE640F02C61DA9000C3C79B /* SignInViewModel.swift */ = {isa = PBXFileReference; lastKnownFileType = sourcecode.swift; path = SignInViewModel.swift; sourceTree = "<group>"; };
		6DE640F22C61DAD200C3C79B /* RecipeViewModel.swift */ = {isa = PBXFileReference; lastKnownFileType = sourcecode.swift; path = RecipeViewModel.swift; sourceTree = "<group>"; };
/* End PBXFileReference section */

/* Begin PBXFrameworksBuildPhase section */
		6DA3C0B32C431EE1007618CF /* Frameworks */ = {
			isa = PBXFrameworksBuildPhase;
			buildActionMask = 2147483647;
			files = (
				6DE640BB2C4B497A00C3C79B /* FirebaseDatabase in Frameworks */,
				6DE640B82C4B1D8900C3C79B /* URLImageStore in Frameworks */,
				6DE640AA2C4779C500C3C79B /* FirebaseAuth in Frameworks */,
				6DE640B62C4B1D8900C3C79B /* URLImage in Frameworks */,
				6DE640AC2C4779C500C3C79B /* FirebaseFirestore in Frameworks */,
				6DE640BF2C4C897800C3C79B /* FirebaseFirestoreSwift in Frameworks */,
			);
			runOnlyForDeploymentPostprocessing = 0;
		};
/* End PBXFrameworksBuildPhase section */

/* Begin PBXGroup section */
		6D8B16732C449B7D003D7F91 /* Extensions */ = {
			isa = PBXGroup;
			children = (
				6D8B16742C449B8F003D7F91 /* Color.swift */,
			);
			path = Extensions;
			sourceTree = "<group>";
		};
		6D8B167B2C46144A003D7F91 /* Views */ = {
			isa = PBXGroup;
			children = (
				6DE640E82C61D81B00C3C79B /* TableViews */,
				6D8B16772C44F304003D7F91 /* IngredientListView.swift */,
				6D8B166B2C433338003D7F91 /* SplashScreenView.swift */,
				6DA3C0BB2C431EE1007618CF /* HomePageView.swift */,
				6DD4153B2C4616D8005132AD /* TabBarView.swift */,
				6DD4153D2C4625B4005132AD /* SignInView.swift */,
				6DE640A62C463A7400C3C79B /* NewRecipeView.swift */,
				6DE640AF2C4781D600C3C79B /* ProfileView.swift */,
				6DE640E62C5DB09600C3C79B /* RecipeModelDetailView.swift */,
			);
			path = Views;
			sourceTree = "<group>";
		};
		6DA3C0AD2C431EE1007618CF = {
			isa = PBXGroup;
			children = (
				6DA3C0B82C431EE1007618CF /* MiniFridge */,
				6DA3C0B72C431EE1007618CF /* Products */,
				6DE640BD2C4C897800C3C79B /* Frameworks */,
			);
			sourceTree = "<group>";
		};
		6DA3C0B72C431EE1007618CF /* Products */ = {
			isa = PBXGroup;
			children = (
				6DA3C0B62C431EE1007618CF /* MiniFridge.app */,
			);
			name = Products;
			sourceTree = "<group>";
		};
		6DA3C0B82C431EE1007618CF /* MiniFridge */ = {
			isa = PBXGroup;
			children = (
				6DE640ED2C61D9CE00C3C79B /* Models */,
				6DE640B32C4AFF3900C3C79B /* DataManagers */,
				6D8B167B2C46144A003D7F91 /* Views */,
				6D8B16732C449B7D003D7F91 /* Extensions */,
				6DA3C0B92C431EE1007618CF /* MiniFridgeApp.swift */,
				6DA3C0BD2C431EE4007618CF /* Assets.xcassets */,
				6DE640B92C4B2B2C00C3C79B /* Info.plist */,
				6DE640AD2C477AA200C3C79B /* GoogleService-Info.plist */,
				6DA3C0BF2C431EE4007618CF /* Preview Content */,
			);
			path = MiniFridge;
			sourceTree = "<group>";
		};
		6DA3C0BF2C431EE4007618CF /* Preview Content */ = {
			isa = PBXGroup;
			children = (
				6DA3C0C02C431EE4007618CF /* Preview Assets.xcassets */,
			);
			path = "Preview Content";
			sourceTree = "<group>";
		};
		6DE640B32C4AFF3900C3C79B /* DataManagers */ = {
			isa = PBXGroup;
			children = (
				6DE640B12C4AFF2A00C3C79B /* IngredientsDataManager.swift */,
				6DE640C02C4C8EF600C3C79B /* AuthenticationManager.swift */,
				6DE640C22C55AE2700C3C79B /* UserManager.swift */,
			);
			path = DataManagers;
			sourceTree = "<group>";
		};
		6DE640BD2C4C897800C3C79B /* Frameworks */ = {
			isa = PBXGroup;
			children = (
			);
			name = Frameworks;
			sourceTree = "<group>";
		};
		6DE640E82C61D81B00C3C79B /* TableViews */ = {
			isa = PBXGroup;
			children = (
				6DE640E92C61D86300C3C79B /* RecipeTableView.swift */,
				6DE640EB2C61D8C100C3C79B /* IngredientTableView.swift */,
			);
			path = TableViews;
			sourceTree = "<group>";
		};
		6DE640ED2C61D9CE00C3C79B /* Models */ = {
			isa = PBXGroup;
			children = (
				6DE640EE2C61DA3A00C3C79B /* ProfileViewModel.swift */,
				6DE640F02C61DA9000C3C79B /* SignInViewModel.swift */,
				6DE640F22C61DAD200C3C79B /* RecipeViewModel.swift */,
			);
			path = Models;
			sourceTree = "<group>";
		};
/* End PBXGroup section */

/* Begin PBXNativeTarget section */
		6DA3C0B52C431EE1007618CF /* MiniFridge */ = {
			isa = PBXNativeTarget;
			buildConfigurationList = 6DA3C0C42C431EE4007618CF /* Build configuration list for PBXNativeTarget "MiniFridge" */;
			buildPhases = (
				6DA3C0B22C431EE1007618CF /* Sources */,
				6DA3C0B32C431EE1007618CF /* Frameworks */,
				6DA3C0B42C431EE1007618CF /* Resources */,
			);
			buildRules = (
			);
			dependencies = (
			);
			name = MiniFridge;
			packageProductDependencies = (
				6DE640A92C4779C500C3C79B /* FirebaseAuth */,
				6DE640AB2C4779C500C3C79B /* FirebaseFirestore */,
				6DE640B52C4B1D8900C3C79B /* URLImage */,
				6DE640B72C4B1D8900C3C79B /* URLImageStore */,
				6DE640BA2C4B497A00C3C79B /* FirebaseDatabase */,
				6DE640BE2C4C897800C3C79B /* FirebaseFirestoreSwift */,
			);
			productName = MiniFridge;
			productReference = 6DA3C0B62C431EE1007618CF /* MiniFridge.app */;
			productType = "com.apple.product-type.application";
		};
/* End PBXNativeTarget section */

/* Begin PBXProject section */
		6DA3C0AE2C431EE1007618CF /* Project object */ = {
			isa = PBXProject;
			attributes = {
				BuildIndependentTargetsInParallel = 1;
				LastSwiftUpdateCheck = 1540;
				LastUpgradeCheck = 1540;
				TargetAttributes = {
					6DA3C0B52C431EE1007618CF = {
						CreatedOnToolsVersion = 15.4;
					};
				};
			};
			buildConfigurationList = 6DA3C0B12C431EE1007618CF /* Build configuration list for PBXProject "MiniFridge" */;
			compatibilityVersion = "Xcode 14.0";
			developmentRegion = en;
			hasScannedForEncodings = 0;
			knownRegions = (
				en,
				Base,
			);
			mainGroup = 6DA3C0AD2C431EE1007618CF;
			packageReferences = (
				6DE640A82C4779C500C3C79B /* XCRemoteSwiftPackageReference "firebase-ios-sdk" */,
				6DE640B42C4B1D8900C3C79B /* XCRemoteSwiftPackageReference "url-image" */,
			);
			productRefGroup = 6DA3C0B72C431EE1007618CF /* Products */;
			projectDirPath = "";
			projectRoot = "";
			targets = (
				6DA3C0B52C431EE1007618CF /* MiniFridge */,
			);
		};
/* End PBXProject section */

/* Begin PBXResourcesBuildPhase section */
		6DA3C0B42C431EE1007618CF /* Resources */ = {
			isa = PBXResourcesBuildPhase;
			buildActionMask = 2147483647;
			files = (
				6DA3C0C12C431EE4007618CF /* Preview Assets.xcassets in Resources */,
				6DA3C0BE2C431EE4007618CF /* Assets.xcassets in Resources */,
				6DE640AE2C477AA200C3C79B /* GoogleService-Info.plist in Resources */,
			);
			runOnlyForDeploymentPostprocessing = 0;
		};
/* End PBXResourcesBuildPhase section */

/* Begin PBXSourcesBuildPhase section */
		6DA3C0B22C431EE1007618CF /* Sources */ = {
			isa = PBXSourcesBuildPhase;
			buildActionMask = 2147483647;
			files = (
				6DE640B02C4781D600C3C79B /* ProfileView.swift in Sources */,
				6DE640EA2C61D86300C3C79B /* RecipeTableView.swift in Sources */,
				6DE640C12C4C8EF600C3C79B /* AuthenticationManager.swift in Sources */,
				6D8B16752C449B8F003D7F91 /* Color.swift in Sources */,
				6DE640EC2C61D8C100C3C79B /* IngredientTableView.swift in Sources */,
				6DE640E72C5DB09600C3C79B /* RecipeModelDetailView.swift in Sources */,
				6DE640A72C463A7400C3C79B /* NewRecipeView.swift in Sources */,
				6DE640C32C55AE2700C3C79B /* UserManager.swift in Sources */,
				6D8B16782C44F304003D7F91 /* IngredientListView.swift in Sources */,
				6DE640F12C61DA9000C3C79B /* SignInViewModel.swift in Sources */,
				6DE640F32C61DAD200C3C79B /* RecipeViewModel.swift in Sources */,
				6DA3C0BC2C431EE1007618CF /* HomePageView.swift in Sources */,
				6DA3C0BA2C431EE1007618CF /* MiniFridgeApp.swift in Sources */,
				6D8B166C2C433338003D7F91 /* SplashScreenView.swift in Sources */,
				6DD4153C2C4616D8005132AD /* TabBarView.swift in Sources */,
				6DD4153E2C4625B4005132AD /* SignInView.swift in Sources */,
				6DE640EF2C61DA3A00C3C79B /* ProfileViewModel.swift in Sources */,
				6DE640B22C4AFF2A00C3C79B /* IngredientsDataManager.swift in Sources */,
			);
			runOnlyForDeploymentPostprocessing = 0;
		};
/* End PBXSourcesBuildPhase section */

/* Begin XCBuildConfiguration section */
		6DA3C0C22C431EE4007618CF /* Debug */ = {
			isa = XCBuildConfiguration;
			buildSettings = {
				ALWAYS_SEARCH_USER_PATHS = NO;
				ASSETCATALOG_COMPILER_GENERATE_SWIFT_ASSET_SYMBOL_EXTENSIONS = YES;
				CLANG_ANALYZER_NONNULL = YES;
				CLANG_ANALYZER_NUMBER_OBJECT_CONVERSION = YES_AGGRESSIVE;
				CLANG_CXX_LANGUAGE_STANDARD = "gnu++20";
				CLANG_ENABLE_MODULES = YES;
				CLANG_ENABLE_OBJC_ARC = YES;
				CLANG_ENABLE_OBJC_WEAK = YES;
				CLANG_WARN_BLOCK_CAPTURE_AUTORELEASING = YES;
				CLANG_WARN_BOOL_CONVERSION = YES;
				CLANG_WARN_COMMA = YES;
				CLANG_WARN_CONSTANT_CONVERSION = YES;
				CLANG_WARN_DEPRECATED_OBJC_IMPLEMENTATIONS = YES;
				CLANG_WARN_DIRECT_OBJC_ISA_USAGE = YES_ERROR;
				CLANG_WARN_DOCUMENTATION_COMMENTS = YES;
				CLANG_WARN_EMPTY_BODY = YES;
				CLANG_WARN_ENUM_CONVERSION = YES;
				CLANG_WARN_INFINITE_RECURSION = YES;
				CLANG_WARN_INT_CONVERSION = YES;
				CLANG_WARN_NON_LITERAL_NULL_CONVERSION = YES;
				CLANG_WARN_OBJC_IMPLICIT_RETAIN_SELF = YES;
				CLANG_WARN_OBJC_LITERAL_CONVERSION = YES;
				CLANG_WARN_OBJC_ROOT_CLASS = YES_ERROR;
				CLANG_WARN_QUOTED_INCLUDE_IN_FRAMEWORK_HEADER = YES;
				CLANG_WARN_RANGE_LOOP_ANALYSIS = YES;
				CLANG_WARN_STRICT_PROTOTYPES = YES;
				CLANG_WARN_SUSPICIOUS_MOVE = YES;
				CLANG_WARN_UNGUARDED_AVAILABILITY = YES_AGGRESSIVE;
				CLANG_WARN_UNREACHABLE_CODE = YES;
				CLANG_WARN__DUPLICATE_METHOD_MATCH = YES;
				COPY_PHASE_STRIP = NO;
				DEBUG_INFORMATION_FORMAT = dwarf;
				ENABLE_STRICT_OBJC_MSGSEND = YES;
				ENABLE_TESTABILITY = YES;
				ENABLE_USER_SCRIPT_SANDBOXING = YES;
				GCC_C_LANGUAGE_STANDARD = gnu17;
				GCC_DYNAMIC_NO_PIC = NO;
				GCC_NO_COMMON_BLOCKS = YES;
				GCC_OPTIMIZATION_LEVEL = 0;
				GCC_PREPROCESSOR_DEFINITIONS = (
					"DEBUG=1",
					"$(inherited)",
				);
				GCC_WARN_64_TO_32_BIT_CONVERSION = YES;
				GCC_WARN_ABOUT_RETURN_TYPE = YES_ERROR;
				GCC_WARN_UNDECLARED_SELECTOR = YES;
				GCC_WARN_UNINITIALIZED_AUTOS = YES_AGGRESSIVE;
				GCC_WARN_UNUSED_FUNCTION = YES;
				GCC_WARN_UNUSED_VARIABLE = YES;
				IPHONEOS_DEPLOYMENT_TARGET = 17.5;
				LOCALIZATION_PREFERS_STRING_CATALOGS = YES;
				MTL_ENABLE_DEBUG_INFO = INCLUDE_SOURCE;
				MTL_FAST_MATH = YES;
				ONLY_ACTIVE_ARCH = YES;
				SDKROOT = iphoneos;
				SWIFT_ACTIVE_COMPILATION_CONDITIONS = "DEBUG $(inherited)";
				SWIFT_OPTIMIZATION_LEVEL = "-Onone";
			};
			name = Debug;
		};
		6DA3C0C32C431EE4007618CF /* Release */ = {
			isa = XCBuildConfiguration;
			buildSettings = {
				ALWAYS_SEARCH_USER_PATHS = NO;
				ASSETCATALOG_COMPILER_GENERATE_SWIFT_ASSET_SYMBOL_EXTENSIONS = YES;
				CLANG_ANALYZER_NONNULL = YES;
				CLANG_ANALYZER_NUMBER_OBJECT_CONVERSION = YES_AGGRESSIVE;
				CLANG_CXX_LANGUAGE_STANDARD = "gnu++20";
				CLANG_ENABLE_MODULES = YES;
				CLANG_ENABLE_OBJC_ARC = YES;
				CLANG_ENABLE_OBJC_WEAK = YES;
				CLANG_WARN_BLOCK_CAPTURE_AUTORELEASING = YES;
				CLANG_WARN_BOOL_CONVERSION = YES;
				CLANG_WARN_COMMA = YES;
				CLANG_WARN_CONSTANT_CONVERSION = YES;
				CLANG_WARN_DEPRECATED_OBJC_IMPLEMENTATIONS = YES;
				CLANG_WARN_DIRECT_OBJC_ISA_USAGE = YES_ERROR;
				CLANG_WARN_DOCUMENTATION_COMMENTS = YES;
				CLANG_WARN_EMPTY_BODY = YES;
				CLANG_WARN_ENUM_CONVERSION = YES;
				CLANG_WARN_INFINITE_RECURSION = YES;
				CLANG_WARN_INT_CONVERSION = YES;
				CLANG_WARN_NON_LITERAL_NULL_CONVERSION = YES;
				CLANG_WARN_OBJC_IMPLICIT_RETAIN_SELF = YES;
				CLANG_WARN_OBJC_LITERAL_CONVERSION = YES;
				CLANG_WARN_OBJC_ROOT_CLASS = YES_ERROR;
				CLANG_WARN_QUOTED_INCLUDE_IN_FRAMEWORK_HEADER = YES;
				CLANG_WARN_RANGE_LOOP_ANALYSIS = YES;
				CLANG_WARN_STRICT_PROTOTYPES = YES;
				CLANG_WARN_SUSPICIOUS_MOVE = YES;
				CLANG_WARN_UNGUARDED_AVAILABILITY = YES_AGGRESSIVE;
				CLANG_WARN_UNREACHABLE_CODE = YES;
				CLANG_WARN__DUPLICATE_METHOD_MATCH = YES;
				COPY_PHASE_STRIP = NO;
				DEBUG_INFORMATION_FORMAT = "dwarf-with-dsym";
				ENABLE_NS_ASSERTIONS = NO;
				ENABLE_STRICT_OBJC_MSGSEND = YES;
				ENABLE_USER_SCRIPT_SANDBOXING = YES;
				GCC_C_LANGUAGE_STANDARD = gnu17;
				GCC_NO_COMMON_BLOCKS = YES;
				GCC_WARN_64_TO_32_BIT_CONVERSION = YES;
				GCC_WARN_ABOUT_RETURN_TYPE = YES_ERROR;
				GCC_WARN_UNDECLARED_SELECTOR = YES;
				GCC_WARN_UNINITIALIZED_AUTOS = YES_AGGRESSIVE;
				GCC_WARN_UNUSED_FUNCTION = YES;
				GCC_WARN_UNUSED_VARIABLE = YES;
				IPHONEOS_DEPLOYMENT_TARGET = 17.5;
				LOCALIZATION_PREFERS_STRING_CATALOGS = YES;
				MTL_ENABLE_DEBUG_INFO = NO;
				MTL_FAST_MATH = YES;
				SDKROOT = iphoneos;
				SWIFT_COMPILATION_MODE = wholemodule;
				VALIDATE_PRODUCT = YES;
			};
			name = Release;
		};
		6DA3C0C52C431EE4007618CF /* Debug */ = {
			isa = XCBuildConfiguration;
			buildSettings = {
				ASSETCATALOG_COMPILER_APPICON_NAME = AppIcon;
				ASSETCATALOG_COMPILER_GLOBAL_ACCENT_COLOR_NAME = AccentColor;
				CODE_SIGN_STYLE = Automatic;
				CURRENT_PROJECT_VERSION = 1;
				DEVELOPMENT_ASSET_PATHS = "\"MiniFridge/Preview Content\"";
				ENABLE_PREVIEWS = YES;
				GENERATE_INFOPLIST_FILE = YES;
				INFOPLIST_FILE = MiniFridge/Info.plist;
				INFOPLIST_KEY_CFBundleDisplayName = MiniFridge;
				INFOPLIST_KEY_UIApplicationSceneManifest_Generation = YES;
				INFOPLIST_KEY_UIApplicationSupportsIndirectInputEvents = YES;
				INFOPLIST_KEY_UILaunchScreen_Generation = YES;
				INFOPLIST_KEY_UISupportedInterfaceOrientations = UIInterfaceOrientationPortrait;
				LD_RUNPATH_SEARCH_PATHS = (
					"$(inherited)",
					"@executable_path/Frameworks",
				);
				MARKETING_VERSION = 1.0;
				PRODUCT_BUNDLE_IDENTIFIER = sd.MiniFridge;
				PRODUCT_NAME = "$(TARGET_NAME)";
				SWIFT_EMIT_LOC_STRINGS = YES;
				SWIFT_VERSION = 5.0;
				TARGETED_DEVICE_FAMILY = "1,2";
			};
			name = Debug;
		};
		6DA3C0C62C431EE4007618CF /* Release */ = {
			isa = XCBuildConfiguration;
			buildSettings = {
				ASSETCATALOG_COMPILER_APPICON_NAME = AppIcon;
				ASSETCATALOG_COMPILER_GLOBAL_ACCENT_COLOR_NAME = AccentColor;
				CODE_SIGN_STYLE = Automatic;
				CURRENT_PROJECT_VERSION = 1;
				DEVELOPMENT_ASSET_PATHS = "\"MiniFridge/Preview Content\"";
				ENABLE_PREVIEWS = YES;
				GENERATE_INFOPLIST_FILE = YES;
				INFOPLIST_FILE = MiniFridge/Info.plist;
				INFOPLIST_KEY_CFBundleDisplayName = MiniFridge;
				INFOPLIST_KEY_UIApplicationSceneManifest_Generation = YES;
				INFOPLIST_KEY_UIApplicationSupportsIndirectInputEvents = YES;
				INFOPLIST_KEY_UILaunchScreen_Generation = YES;
				INFOPLIST_KEY_UISupportedInterfaceOrientations = UIInterfaceOrientationPortrait;
				LD_RUNPATH_SEARCH_PATHS = (
					"$(inherited)",
					"@executable_path/Frameworks",
				);
				MARKETING_VERSION = 1.0;
				PRODUCT_BUNDLE_IDENTIFIER = sd.MiniFridge;
				PRODUCT_NAME = "$(TARGET_NAME)";
				SWIFT_EMIT_LOC_STRINGS = YES;
				SWIFT_VERSION = 5.0;
				TARGETED_DEVICE_FAMILY = "1,2";
			};
			name = Release;
		};
/* End XCBuildConfiguration section */

/* Begin XCConfigurationList section */
		6DA3C0B12C431EE1007618CF /* Build configuration list for PBXProject "MiniFridge" */ = {
			isa = XCConfigurationList;
			buildConfigurations = (
				6DA3C0C22C431EE4007618CF /* Debug */,
				6DA3C0C32C431EE4007618CF /* Release */,
			);
			defaultConfigurationIsVisible = 0;
			defaultConfigurationName = Release;
		};
		6DA3C0C42C431EE4007618CF /* Build configuration list for PBXNativeTarget "MiniFridge" */ = {
			isa = XCConfigurationList;
			buildConfigurations = (
				6DA3C0C52C431EE4007618CF /* Debug */,
				6DA3C0C62C431EE4007618CF /* Release */,
			);
			defaultConfigurationIsVisible = 0;
			defaultConfigurationName = Release;
		};
/* End XCConfigurationList section */

/* Begin XCRemoteSwiftPackageReference section */
		6DE640A82C4779C500C3C79B /* XCRemoteSwiftPackageReference "firebase-ios-sdk" */ = {
			isa = XCRemoteSwiftPackageReference;
			repositoryURL = "https://github.com/firebase/firebase-ios-sdk.git";
			requirement = {
				kind = upToNextMajorVersion;
				minimumVersion = 10.29.0;
			};
		};
		6DE640B42C4B1D8900C3C79B /* XCRemoteSwiftPackageReference "url-image" */ = {
			isa = XCRemoteSwiftPackageReference;
			repositoryURL = "https://github.com/dmytro-anokhin/url-image";
			requirement = {
				kind = upToNextMajorVersion;
				minimumVersion = 3.1.1;
			};
		};
/* End XCRemoteSwiftPackageReference section */

/* Begin XCSwiftPackageProductDependency section */
		6DE640A92C4779C500C3C79B /* FirebaseAuth */ = {
			isa = XCSwiftPackageProductDependency;
			package = 6DE640A82C4779C500C3C79B /* XCRemoteSwiftPackageReference "firebase-ios-sdk" */;
			productName = FirebaseAuth;
		};
		6DE640AB2C4779C500C3C79B /* FirebaseFirestore */ = {
			isa = XCSwiftPackageProductDependency;
			package = 6DE640A82C4779C500C3C79B /* XCRemoteSwiftPackageReference "firebase-ios-sdk" */;
			productName = FirebaseFirestore;
		};
		6DE640B52C4B1D8900C3C79B /* URLImage */ = {
			isa = XCSwiftPackageProductDependency;
			package = 6DE640B42C4B1D8900C3C79B /* XCRemoteSwiftPackageReference "url-image" */;
			productName = URLImage;
		};
		6DE640B72C4B1D8900C3C79B /* URLImageStore */ = {
			isa = XCSwiftPackageProductDependency;
			package = 6DE640B42C4B1D8900C3C79B /* XCRemoteSwiftPackageReference "url-image" */;
			productName = URLImageStore;
		};
		6DE640BA2C4B497A00C3C79B /* FirebaseDatabase */ = {
			isa = XCSwiftPackageProductDependency;
			package = 6DE640A82C4779C500C3C79B /* XCRemoteSwiftPackageReference "firebase-ios-sdk" */;
			productName = FirebaseDatabase;
		};
		6DE640BE2C4C897800C3C79B /* FirebaseFirestoreSwift */ = {
			isa = XCSwiftPackageProductDependency;
			package = 6DE640A82C4779C500C3C79B /* XCRemoteSwiftPackageReference "firebase-ios-sdk" */;
			productName = FirebaseFirestoreSwift;
		};
/* End XCSwiftPackageProductDependency section */
	};
	rootObject = 6DA3C0AE2C431EE1007618CF /* Project object */;
}
